
Microsoft Visual Studio Solution File, Format Version 12.00
# Visual Studio Version 17
VisualStudioVersion = 17.4.33213.308
MinimumVisualStudioVersion = 10.0.40219.1
Project("{FAE04EC0-301F-11D3-BF4B-00C04F79EFBC}") = "000", "000\000.csproj", "{D6D533F1-B3F4-48C4-B25A-BC3137969FF0}"
EndProject
Global
	GlobalSection(SolutionConfigurationPlatforms) = preSolution
		Debug|Any CPU = Debug|Any CPU
		Release|Any CPU = Release|Any CPU
	EndGlobalSection
	GlobalSection(ProjectConfigurationPlatforms) = postSolution
		{D6D533F1-B3F4-48C4-B25A-BC3137969FF0}.Debug|Any CPU.ActiveCfg = Debug|Any CPU
		{D6D533F1-B3F4-48C4-B25A-BC3137969FF0}.Debug|Any CPU.Build.0 = Debug|Any CPU
		{D6D533F1-B3F4-48C4-B25A-BC3137969FF0}.Release|Any CPU.ActiveCfg = Release|Any CPU
		{D6D533F1-B3F4-48C4-B25A-BC3137969FF0}.Release|Any CPU.Build.0 = Release|Any CPU
	EndGlobalSection
	GlobalSection(SolutionProperties) = preSolution
		HideSolutionNode = FALSE
	EndGlobalSection
	GlobalSection(ExtensibilityGlobals) = postSolution
		SolutionGuid = {A15C8407-8F79-4236-B4FC-E865562EDF17}
	EndGlobalSection
EndGlobal
